<Solution>
  <Project Path="ApiComponents.Application/ApiComponents.Application.csproj" />
  <Project Path="ApiComponents.Domain/ApiComponents.Domain.csproj" />
  <Project Path="ApiComponents.Infrastructure/ApiComponents.Infrastructure.csproj" />
  <Project Path="ApiComponents/ApiComponents.csproj" />
</Solution>
